
Microsoft Visual Studio Solution File, Format Version 12.00
# Visual Studio Version 17
VisualStudioVersion = 17.7.34202.233
MinimumVisualStudioVersion = 10.0.40219.1
Project("{8BC9CEB8-8B4A-11D0-8D11-00A0C91BC942}") = "hw_2_1", "hw_2_1\hw_2_1.vcxproj", "{D1BD7414-6A6A-488D-9F5E-FA00BBFA7706}"
EndProject
Global
	GlobalSection(SolutionConfigurationPlatforms) = preSolution
		Debug|x64 = Debug|x64
		Debug|x86 = Debug|x86
		Release|x64 = Release|x64
		Release|x86 = Release|x86
	EndGlobalSection
	GlobalSection(ProjectConfigurationPlatforms) = postSolution
		{D1BD7414-6A6A-488D-9F5E-FA00BBFA7706}.Debug|x64.ActiveCfg = Debug|x64
		{D1BD7414-6A6A-488D-9F5E-FA00BBFA7706}.Debug|x64.Build.0 = Debug|x64
		{D1BD7414-6A6A-488D-9F5E-FA00BBFA7706}.Debug|x86.ActiveCfg = Debug|Win32
		{D1BD7414-6A6A-488D-9F5E-FA00BBFA7706}.Debug|x86.Build.0 = Debug|Win32
		{D1BD7414-6A6A-488D-9F5E-FA00BBFA7706}.Release|x64.ActiveCfg = Release|x64
		{D1BD7414-6A6A-488D-9F5E-FA00BBFA7706}.Release|x64.Build.0 = Release|x64
		{D1BD7414-6A6A-488D-9F5E-FA00BBFA7706}.Release|x86.ActiveCfg = Release|Win32
		{D1BD7414-6A6A-488D-9F5E-FA00BBFA7706}.Release|x86.Build.0 = Release|Win32
	EndGlobalSection
	GlobalSection(SolutionProperties) = preSolution
		HideSolutionNode = FALSE
	EndGlobalSection
	GlobalSection(ExtensibilityGlobals) = postSolution
		SolutionGuid = {26DF18F3-9638-4B54-8CE7-53107F54B843}
	EndGlobalSection
EndGlobal
